
Microsoft Visual Studio Solution File, Format Version 12.00
# Visual Studio Version 17
VisualStudioVersion = 17.5.33627.172
MinimumVisualStudioVersion = 10.0.40219.1
Project("{FAE04EC0-301F-11D3-BF4B-00C04F79EFBC}") = "CV_Project", "CV_Project\CV_Project.csproj", "{F6E3CED9-36B8-4B8A-8AC5-A74649F56CBE}"
EndProject
Global
	GlobalSection(SolutionConfigurationPlatforms) = preSolution
		Debug|Any CPU = Debug|Any CPU
		Release|Any CPU = Release|Any CPU
	EndGlobalSection
	GlobalSection(ProjectConfigurationPlatforms) = postSolution
		{F6E3CED9-36B8-4B8A-8AC5-A74649F56CBE}.Debug|Any CPU.ActiveCfg = Debug|Any CPU
		{F6E3CED9-36B8-4B8A-8AC5-A74649F56CBE}.Debug|Any CPU.Build.0 = Debug|Any CPU
		{F6E3CED9-36B8-4B8A-8AC5-A74649F56CBE}.Release|Any CPU.ActiveCfg = Release|Any CPU
		{F6E3CED9-36B8-4B8A-8AC5-A74649F56CBE}.Release|Any CPU.Build.0 = Release|Any CPU
	EndGlobalSection
	GlobalSection(SolutionProperties) = preSolution
		HideSolutionNode = FALSE
	EndGlobalSection
	GlobalSection(ExtensibilityGlobals) = postSolution
		SolutionGuid = {70EE4114-4BC0-4B46-99EB-93FB35F11C04}
	EndGlobalSection
EndGlobal
